
Microsoft Visual Studio Solution File, Format Version 12.00
# Visual Studio Version 16
VisualStudioVersion = 16.0.30503.244
MinimumVisualStudioVersion = 15.0.26124.0
Project("{9A19103F-16F7-4668-BE54-9A1E7A4F7556}") = "WeatherWalkingSkeleton.Api", "Src\WeatherWalkingSkeleton.Api\WeatherWalkingSkeleton.Api.csproj", "{9D321308-31DE-446C-BEB4-33685B16A66F}"
EndProject
Project("{9A19103F-16F7-4668-BE54-9A1E7A4F7556}") = "WeatherWalkingSkeleton.Core", "Src\WeatherWalkingSkeleton.Core\WeatherWalkingSkeleton.Core.csproj", "{C7C209B8-9DA3-4F05-9603-D69E58F57808}"
EndProject
Project("{9A19103F-16F7-4668-BE54-9A1E7A4F7556}") = "XunitTests", "Specs\XUnitTests\XunitTests.csproj", "{F6BE8DC6-4080-410E-B771-8B8812E3826A}"
EndProject
Project("{9A19103F-16F7-4668-BE54-9A1E7A4F7556}") = "NunitTests", "Specs\NUnitTests\NunitTests.csproj", "{EA4BC5F0-15FA-4014-8738-57B492D6D449}"
EndProject
Project("{FAE04EC0-301F-11D3-BF4B-00C04F79EFBC}") = "WeatherWalkingSkeleton.Data", "Src\WeatherWalkingSkeleton.Data\WeatherWalkingSkeleton.Data.csproj", "{A41F3A98-B599-491F-AA9F-F1D838484A51}"
EndProject
Global
	GlobalSection(SolutionConfigurationPlatforms) = preSolution
		Debug|Any CPU = Debug|Any CPU
		Release|Any CPU = Release|Any CPU
	EndGlobalSection
	GlobalSection(ProjectConfigurationPlatforms) = postSolution
		{9D321308-31DE-446C-BEB4-33685B16A66F}.Debug|Any CPU.ActiveCfg = Debug|Any CPU
		{9D321308-31DE-446C-BEB4-33685B16A66F}.Debug|Any CPU.Build.0 = Debug|Any CPU
		{9D321308-31DE-446C-BEB4-33685B16A66F}.Release|Any CPU.ActiveCfg = Release|Any CPU
		{9D321308-31DE-446C-BEB4-33685B16A66F}.Release|Any CPU.Build.0 = Release|Any CPU
		{C7C209B8-9DA3-4F05-9603-D69E58F57808}.Debug|Any CPU.ActiveCfg = Debug|Any CPU
		{C7C209B8-9DA3-4F05-9603-D69E58F57808}.Debug|Any CPU.Build.0 = Debug|Any CPU
		{C7C209B8-9DA3-4F05-9603-D69E58F57808}.Release|Any CPU.ActiveCfg = Release|Any CPU
		{C7C209B8-9DA3-4F05-9603-D69E58F57808}.Release|Any CPU.Build.0 = Release|Any CPU
		{F6BE8DC6-4080-410E-B771-8B8812E3826A}.Debug|Any CPU.ActiveCfg = Debug|Any CPU
		{F6BE8DC6-4080-410E-B771-8B8812E3826A}.Debug|Any CPU.Build.0 = Debug|Any CPU
		{F6BE8DC6-4080-410E-B771-8B8812E3826A}.Release|Any CPU.ActiveCfg = Release|Any CPU
		{F6BE8DC6-4080-410E-B771-8B8812E3826A}.Release|Any CPU.Build.0 = Release|Any CPU
		{EA4BC5F0-15FA-4014-8738-57B492D6D449}.Debug|Any CPU.ActiveCfg = Debug|Any CPU
		{EA4BC5F0-15FA-4014-8738-57B492D6D449}.Debug|Any CPU.Build.0 = Debug|Any CPU
		{EA4BC5F0-15FA-4014-8738-57B492D6D449}.Release|Any CPU.ActiveCfg = Release|Any CPU
		{EA4BC5F0-15FA-4014-8738-57B492D6D449}.Release|Any CPU.Build.0 = Release|Any CPU
		{A41F3A98-B599-491F-AA9F-F1D838484A51}.Debug|Any CPU.ActiveCfg = Debug|Any CPU
		{A41F3A98-B599-491F-AA9F-F1D838484A51}.Debug|Any CPU.Build.0 = Debug|Any CPU
		{A41F3A98-B599-491F-AA9F-F1D838484A51}.Release|Any CPU.ActiveCfg = Release|Any CPU
		{A41F3A98-B599-491F-AA9F-F1D838484A51}.Release|Any CPU.Build.0 = Release|Any CPU
	EndGlobalSection
	GlobalSection(SolutionProperties) = preSolution
		HideSolutionNode = FALSE
	EndGlobalSection
	GlobalSection(ExtensibilityGlobals) = postSolution
		SolutionGuid = {35AA9177-5C9A-4047-BC00-E02BB455F127}
	EndGlobalSection
EndGlobal
