
Microsoft Visual Studio Solution File, Format Version 12.00
# Visual Studio Version 16
VisualStudioVersion = 16.0.30503.244
MinimumVisualStudioVersion = 15.0.26124.0
Project("{9A19103F-16F7-4668-BE54-9A1E7A4F7556}") = "WeatherWalkingSkeleton", "API\WeatherWalkingSkeleton.csproj", "{18C21DF0-7CFE-4799-9263-72ED614CC967}"
EndProject
Project("{9A19103F-16F7-4668-BE54-9A1E7A4F7556}") = "Tests", "Tests\Tests.csproj", "{1148D768-CDFB-4EF0-9E2F-1897E7019C94}"
EndProject
Project("{9A19103F-16F7-4668-BE54-9A1E7A4F7556}") = "XTests", "XTests\XTests.csproj", "{796D76FE-B7D9-45C5-B4FE-92C2EC30126A}"
EndProject
Global
	GlobalSection(SolutionConfigurationPlatforms) = preSolution
		Debug|Any CPU = Debug|Any CPU
		Debug|x64 = Debug|x64
		Debug|x86 = Debug|x86
		Release|Any CPU = Release|Any CPU
		Release|x64 = Release|x64
		Release|x86 = Release|x86
	EndGlobalSection
	GlobalSection(ProjectConfigurationPlatforms) = postSolution
		{18C21DF0-7CFE-4799-9263-72ED614CC967}.Debug|Any CPU.ActiveCfg = Debug|Any CPU
		{18C21DF0-7CFE-4799-9263-72ED614CC967}.Debug|Any CPU.Build.0 = Debug|Any CPU
		{18C21DF0-7CFE-4799-9263-72ED614CC967}.Debug|x64.ActiveCfg = Debug|Any CPU
		{18C21DF0-7CFE-4799-9263-72ED614CC967}.Debug|x64.Build.0 = Debug|Any CPU
		{18C21DF0-7CFE-4799-9263-72ED614CC967}.Debug|x86.ActiveCfg = Debug|Any CPU
		{18C21DF0-7CFE-4799-9263-72ED614CC967}.Debug|x86.Build.0 = Debug|Any CPU
		{18C21DF0-7CFE-4799-9263-72ED614CC967}.Release|Any CPU.ActiveCfg = Release|Any CPU
		{18C21DF0-7CFE-4799-9263-72ED614CC967}.Release|Any CPU.Build.0 = Release|Any CPU
		{18C21DF0-7CFE-4799-9263-72ED614CC967}.Release|x64.ActiveCfg = Release|Any CPU
		{18C21DF0-7CFE-4799-9263-72ED614CC967}.Release|x64.Build.0 = Release|Any CPU
		{18C21DF0-7CFE-4799-9263-72ED614CC967}.Release|x86.ActiveCfg = Release|Any CPU
		{18C21DF0-7CFE-4799-9263-72ED614CC967}.Release|x86.Build.0 = Release|Any CPU
		{1148D768-CDFB-4EF0-9E2F-1897E7019C94}.Debug|Any CPU.ActiveCfg = Debug|Any CPU
		{1148D768-CDFB-4EF0-9E2F-1897E7019C94}.Debug|Any CPU.Build.0 = Debug|Any CPU
		{1148D768-CDFB-4EF0-9E2F-1897E7019C94}.Debug|x64.ActiveCfg = Debug|Any CPU
		{1148D768-CDFB-4EF0-9E2F-1897E7019C94}.Debug|x64.Build.0 = Debug|Any CPU
		{1148D768-CDFB-4EF0-9E2F-1897E7019C94}.Debug|x86.ActiveCfg = Debug|Any CPU
		{1148D768-CDFB-4EF0-9E2F-1897E7019C94}.Debug|x86.Build.0 = Debug|Any CPU
		{1148D768-CDFB-4EF0-9E2F-1897E7019C94}.Release|Any CPU.ActiveCfg = Release|Any CPU
		{1148D768-CDFB-4EF0-9E2F-1897E7019C94}.Release|Any CPU.Build.0 = Release|Any CPU
		{1148D768-CDFB-4EF0-9E2F-1897E7019C94}.Release|x64.ActiveCfg = Release|Any CPU
		{1148D768-CDFB-4EF0-9E2F-1897E7019C94}.Release|x64.Build.0 = Release|Any CPU
		{1148D768-CDFB-4EF0-9E2F-1897E7019C94}.Release|x86.ActiveCfg = Release|Any CPU
		{1148D768-CDFB-4EF0-9E2F-1897E7019C94}.Release|x86.Build.0 = Release|Any CPU
		{796D76FE-B7D9-45C5-B4FE-92C2EC30126A}.Debug|Any CPU.ActiveCfg = Debug|Any CPU
		{796D76FE-B7D9-45C5-B4FE-92C2EC30126A}.Debug|Any CPU.Build.0 = Debug|Any CPU
		{796D76FE-B7D9-45C5-B4FE-92C2EC30126A}.Debug|x64.ActiveCfg = Debug|Any CPU
		{796D76FE-B7D9-45C5-B4FE-92C2EC30126A}.Debug|x64.Build.0 = Debug|Any CPU
		{796D76FE-B7D9-45C5-B4FE-92C2EC30126A}.Debug|x86.ActiveCfg = Debug|Any CPU
		{796D76FE-B7D9-45C5-B4FE-92C2EC30126A}.Debug|x86.Build.0 = Debug|Any CPU
		{796D76FE-B7D9-45C5-B4FE-92C2EC30126A}.Release|Any CPU.ActiveCfg = Release|Any CPU
		{796D76FE-B7D9-45C5-B4FE-92C2EC30126A}.Release|Any CPU.Build.0 = Release|Any CPU
		{796D76FE-B7D9-45C5-B4FE-92C2EC30126A}.Release|x64.ActiveCfg = Release|Any CPU
		{796D76FE-B7D9-45C5-B4FE-92C2EC30126A}.Release|x64.Build.0 = Release|Any CPU
		{796D76FE-B7D9-45C5-B4FE-92C2EC30126A}.Release|x86.ActiveCfg = Release|Any CPU
		{796D76FE-B7D9-45C5-B4FE-92C2EC30126A}.Release|x86.Build.0 = Release|Any CPU
	EndGlobalSection
	GlobalSection(SolutionProperties) = preSolution
		HideSolutionNode = FALSE
	EndGlobalSection
	GlobalSection(ExtensibilityGlobals) = postSolution
		SolutionGuid = {35AA9177-5C9A-4047-BC00-E02BB455F127}
	EndGlobalSection
EndGlobal
